# Gold result hashes, verified against a trusted copy of the data.
# Regenerate with: python -m agenteval freeze-gold --suite tpch_nl
# A mismatch at run time stops the run: the data changed, and every number
# computed since is suspect (SPEC 11.2).
tpch_nl_000:
  clickhouse: sha256:0d5a1bdea402ee567ec90c66f4349873f75a93fead15cf46964a24a1aff3f0f0
  clickhouse_sql: sha256:b5b0471d88be8fa22be405c4ac17e981e71e7a66db643b2e1b9c87a6d27b29dc
  databricks: sha256:0d5a1bdea402ee567ec90c66f4349873f75a93fead15cf46964a24a1aff3f0f0
  databricks_sql: sha256:b5b0471d88be8fa22be405c4ac17e981e71e7a66db643b2e1b9c87a6d27b29dc
tpch_nl_001:
  clickhouse: sha256:31df7b9be62aad5da3c13555f6c6bec8d487dcfe1ce71229869477938a5d61d3
  clickhouse_sql: sha256:963e8ec88e28f8bb3bdeffd7cf0732cedf9ca474fd45e2fdffa7aacb299b5678
  databricks: sha256:31df7b9be62aad5da3c13555f6c6bec8d487dcfe1ce71229869477938a5d61d3
  databricks_sql: sha256:963e8ec88e28f8bb3bdeffd7cf0732cedf9ca474fd45e2fdffa7aacb299b5678
tpch_nl_002:
  clickhouse: sha256:64b590d68e531b4a9758758703c9061ad19770df0292e31babb6019534bee58b
  clickhouse_sql: sha256:045b79ad0445e8cd287ffb6b588930c2d7f91bb83d15abed2c3d698586ffc464
  databricks: sha256:64b590d68e531b4a9758758703c9061ad19770df0292e31babb6019534bee58b
  databricks_sql: sha256:045b79ad0445e8cd287ffb6b588930c2d7f91bb83d15abed2c3d698586ffc464
tpch_nl_003:
  clickhouse: sha256:d2ff213aab527e68a0c601d835a87f8483590dc684fe6bcef4acd9d5f9ad15d4
  clickhouse_sql: sha256:e9e0318ad08b431c9ec001213ce09f9220d8aa1b626f332244a7a8143d38de6a
  databricks: sha256:d2ff213aab527e68a0c601d835a87f8483590dc684fe6bcef4acd9d5f9ad15d4
  databricks_sql: sha256:e9e0318ad08b431c9ec001213ce09f9220d8aa1b626f332244a7a8143d38de6a
tpch_nl_004:
  clickhouse: sha256:cd97a5fbc528f5bda274efd36e498329fea5d5eb4bc5113da379835627f30896
  clickhouse_sql: sha256:b6e71c4db203b0e24cdd4f72a73b9e7d4da2bd1cf6497781deeb1022b32d06cd
  databricks: sha256:cd97a5fbc528f5bda274efd36e498329fea5d5eb4bc5113da379835627f30896
  databricks_sql: sha256:b6e71c4db203b0e24cdd4f72a73b9e7d4da2bd1cf6497781deeb1022b32d06cd
tpch_nl_005:
  clickhouse: sha256:027654f6d75c99a912c68cf458cc31f4b7954e031c0c9fcf88879107198c0ab3
  clickhouse_sql: sha256:545bfde89a6e1f5c77021b35d3780a8a3c94fdc8ca28cc48dd7286cc8ffd2ab6
  databricks: sha256:baf38ea6216c1370bcd1f14fa6c132d40e30b9873a4484b61613db6f26c80e13
  databricks_sql: sha256:545bfde89a6e1f5c77021b35d3780a8a3c94fdc8ca28cc48dd7286cc8ffd2ab6
tpch_nl_006:
  clickhouse: sha256:ead0e56470d0023fcbc286b795574a4245fb103afbb4929a36c2568c6ef30d97
  clickhouse_sql: sha256:a970e4e8eb5852096a3d49069d7b1b5d86eef7e28d8be4fbd6c2123d6851a403
  databricks: sha256:ead0e56470d0023fcbc286b795574a4245fb103afbb4929a36c2568c6ef30d97
  databricks_sql: sha256:a970e4e8eb5852096a3d49069d7b1b5d86eef7e28d8be4fbd6c2123d6851a403
tpch_nl_007:
  clickhouse: sha256:ee22e3a231cc38ed4865be13c1645bd4c5d3978b0d6ff48e3f8cd4b5678f35c9
  clickhouse_sql: sha256:e7b89a8260f18869ac36e9761c9d30a67086b84cccab83b09e95c3a50f784b63
  databricks: sha256:ee22e3a231cc38ed4865be13c1645bd4c5d3978b0d6ff48e3f8cd4b5678f35c9
  databricks_sql: sha256:e7b89a8260f18869ac36e9761c9d30a67086b84cccab83b09e95c3a50f784b63
tpch_nl_008:
  clickhouse: sha256:ca8a6d00a5b74fa6444328bf27158105d1968dccae6165ca648263305ef1396b
  clickhouse_sql: sha256:92c18378c7eb0bbb21addf6d6c0510b6bfe241f7a4170144f9cb01e9fd8310dd
  databricks: sha256:ca8a6d00a5b74fa6444328bf27158105d1968dccae6165ca648263305ef1396b
  databricks_sql: sha256:92c18378c7eb0bbb21addf6d6c0510b6bfe241f7a4170144f9cb01e9fd8310dd
tpch_nl_009:
  clickhouse: sha256:421c272a929cfbdeeb70c1f25fd6590f6251e6f85cb685393865c160c74a41c0
  clickhouse_sql: sha256:c25f599dedcd394bb915db19e51ccde8530c22b0f088f6002ee0a42ec11b8abb
  databricks: sha256:421c272a929cfbdeeb70c1f25fd6590f6251e6f85cb685393865c160c74a41c0
  databricks_sql: sha256:c25f599dedcd394bb915db19e51ccde8530c22b0f088f6002ee0a42ec11b8abb
tpch_nl_010:
  clickhouse: sha256:f42a2359a6a3f6aec2c98805431952036d8001f8bac3a2b770c6e8a17eb032f2
  clickhouse_sql: sha256:bc0e6ea49dc9566c9fb18590e0274d7ea76972c80235a1d4cc4a8f43ad2e8f90
  databricks: sha256:f42a2359a6a3f6aec2c98805431952036d8001f8bac3a2b770c6e8a17eb032f2
  databricks_sql: sha256:bc0e6ea49dc9566c9fb18590e0274d7ea76972c80235a1d4cc4a8f43ad2e8f90
tpch_nl_011:
  clickhouse: sha256:1069a11cd3ae5485cefe60014d47203b62bb55ab151d6f66ed21977b16eca940
  clickhouse_sql: sha256:dfbbe8b1affa7f75866d8f8ff21febd5f0d8f64423126e63e92a103f53d62d2d
  databricks: sha256:1069a11cd3ae5485cefe60014d47203b62bb55ab151d6f66ed21977b16eca940
  databricks_sql: sha256:dfbbe8b1affa7f75866d8f8ff21febd5f0d8f64423126e63e92a103f53d62d2d
tpch_nl_012:
  clickhouse: sha256:64b590d68e531b4a9758758703c9061ad19770df0292e31babb6019534bee58b
  clickhouse_sql: sha256:7fa35e8687963e3f8358e9c3f3b2f720ab9b2af149ae73a3f160961785b6189c
  databricks: sha256:64b590d68e531b4a9758758703c9061ad19770df0292e31babb6019534bee58b
  databricks_sql: sha256:7fa35e8687963e3f8358e9c3f3b2f720ab9b2af149ae73a3f160961785b6189c
tpch_nl_013:
  clickhouse: sha256:5176ed2500ad2c6ef3f78a7ecb47e92647c4c40d58478ea242d7a31bdad153a8
  clickhouse_sql: sha256:7a640bb3677fc5daea9ffb9ca4ba84bb3cdec89ea51e91611bf0e90a1353d360
  databricks: sha256:5176ed2500ad2c6ef3f78a7ecb47e92647c4c40d58478ea242d7a31bdad153a8
  databricks_sql: sha256:7a640bb3677fc5daea9ffb9ca4ba84bb3cdec89ea51e91611bf0e90a1353d360
tpch_nl_014:
  clickhouse: sha256:06ec9ca2a08e718f348a7f0af9d85ce86075c58e67d77ea2c1413315b83f5d84
  clickhouse_sql: sha256:3ed92b1b97ad31cd421dbc9ea3615641eb801e7cf51d375ef96e44a49ba79709
  databricks: sha256:06ec9ca2a08e718f348a7f0af9d85ce86075c58e67d77ea2c1413315b83f5d84
  databricks_sql: sha256:3ed92b1b97ad31cd421dbc9ea3615641eb801e7cf51d375ef96e44a49ba79709
tpch_nl_015:
  clickhouse: sha256:ccd7a6845115b60eca7faa92946d5451555895240eec2cf3812b483a2786e6c7
  clickhouse_sql: sha256:6f17a57444e2702e2646686146f993521dbd644e5925875778a75c2ca06ba270
  databricks: sha256:ccd7a6845115b60eca7faa92946d5451555895240eec2cf3812b483a2786e6c7
  databricks_sql: sha256:6f17a57444e2702e2646686146f993521dbd644e5925875778a75c2ca06ba270
tpch_nl_016:
  clickhouse: sha256:cd404a6552af4e268758d7ae16d3d0f4d7212e4d8726b01107a3e3baa6de3621
  clickhouse_sql: sha256:a47783f3706921a09d2c9a0b513a2acad1f2e6c286ba4f9b30c6e897d19fbb1f
  databricks: sha256:cd404a6552af4e268758d7ae16d3d0f4d7212e4d8726b01107a3e3baa6de3621
  databricks_sql: sha256:a47783f3706921a09d2c9a0b513a2acad1f2e6c286ba4f9b30c6e897d19fbb1f
tpch_nl_017:
  clickhouse: sha256:5b9f83036941c67807489fac6036f0e1eaf67f36c6306c0ecb841ce18b2827d9
  clickhouse_sql: sha256:a529a5320fd168634e0b350c6ab5785ff8abcad6ca2a62df51443d79e1fd6ff0
  databricks: sha256:5b9f83036941c67807489fac6036f0e1eaf67f36c6306c0ecb841ce18b2827d9
  databricks_sql: sha256:a529a5320fd168634e0b350c6ab5785ff8abcad6ca2a62df51443d79e1fd6ff0
tpch_nl_018:
  clickhouse: sha256:13681b53fd35ae8b6014f76c23809bd7cb06cfa6c0d8887a1ed5d98f688896d3
  clickhouse_sql: sha256:691887c8636dc4a3478859e76b68cbf8de3486e542ee2a6763bfbc721a3ac294
  databricks: sha256:13681b53fd35ae8b6014f76c23809bd7cb06cfa6c0d8887a1ed5d98f688896d3
  databricks_sql: sha256:691887c8636dc4a3478859e76b68cbf8de3486e542ee2a6763bfbc721a3ac294
tpch_nl_019:
  clickhouse: sha256:ad59595f6cd4f85a83d7c102a4075822e7599131146ebc6eb39ad465adeeab26
  clickhouse_sql: sha256:e9352a90653324f20538a509abf04fab93ff0e57a761995149bf766496300ec0
  databricks: sha256:ad59595f6cd4f85a83d7c102a4075822e7599131146ebc6eb39ad465adeeab26
  databricks_sql: sha256:e9352a90653324f20538a509abf04fab93ff0e57a761995149bf766496300ec0
tpch_nl_020:
  clickhouse: sha256:4a73182ef2cb8c916ab98dba58a87ccfbb9de1eabe3601dbdcd566cf530b398d
  clickhouse_sql: sha256:21b34852ff73b58d5077b9b8f70444133cf846ca5df1e533acc80600f8c6daa9
  databricks: sha256:4a73182ef2cb8c916ab98dba58a87ccfbb9de1eabe3601dbdcd566cf530b398d
  databricks_sql: sha256:21b34852ff73b58d5077b9b8f70444133cf846ca5df1e533acc80600f8c6daa9
tpch_nl_021:
  clickhouse: sha256:ee8b950a287bb9242fe023ddff318f928a47929775c8f1bb9773edf3f61f40c9
  clickhouse_sql: sha256:4f73758f476be97ccccf42bb9cad33244f24025566bcce5c5e69fe74be9112e8
  databricks: sha256:ee8b950a287bb9242fe023ddff318f928a47929775c8f1bb9773edf3f61f40c9
  databricks_sql: sha256:4f73758f476be97ccccf42bb9cad33244f24025566bcce5c5e69fe74be9112e8
tpch_nl_022:
  clickhouse: sha256:9b0c72daf45d4763e55eda676cac5bbba0af088608266e8130b2b3b9e2e3aa2e
  clickhouse_sql: sha256:52aa816aa7f1b5a8d80156311b44703f18119e60f1b43cfca318a1eaf47e3c2e
  databricks: sha256:7ff925062783fb388f65595f8ec4d56eec2d6e8d6159c559a24cfcfc1f3b8a43
  databricks_sql: sha256:52aa816aa7f1b5a8d80156311b44703f18119e60f1b43cfca318a1eaf47e3c2e
tpch_nl_023:
  clickhouse: sha256:151c90dff737e98aa4a9da81030ff3b161c813bff9e86c3c6ca6843a216838d7
  clickhouse_sql: sha256:bbd409d8c91f5682ebac97d85b11e6f3919e6d504dae1dcd90b81a8bda05f84c
  databricks: sha256:151c90dff737e98aa4a9da81030ff3b161c813bff9e86c3c6ca6843a216838d7
  databricks_sql: sha256:bbd409d8c91f5682ebac97d85b11e6f3919e6d504dae1dcd90b81a8bda05f84c
tpch_nl_024:
  clickhouse: sha256:de7014e069beb01da603c76fe42ad723409c522465a2334b661caad5609cb24f
  clickhouse_sql: sha256:9ab5f09df9c45e18d4d91ef0c9ab6fec3b56b507d1652ae0bf202ed2c9ee3e0d
  databricks: sha256:de7014e069beb01da603c76fe42ad723409c522465a2334b661caad5609cb24f
  databricks_sql: sha256:9ab5f09df9c45e18d4d91ef0c9ab6fec3b56b507d1652ae0bf202ed2c9ee3e0d
tpch_nl_025:
  clickhouse: sha256:25ca5a8bedeccc397c909236787d01ea5e5ef731ca257fa1b5517d76975e61ff
  clickhouse_sql: sha256:b72e4c4ddc71a84b06307a9d06f199859f99b6b727aa0531dc05058984698b7f
  databricks: sha256:25ca5a8bedeccc397c909236787d01ea5e5ef731ca257fa1b5517d76975e61ff
  databricks_sql: sha256:b72e4c4ddc71a84b06307a9d06f199859f99b6b727aa0531dc05058984698b7f
tpch_nl_026:
  clickhouse: sha256:080237a3abaa4049cf627b262b6b55347c7960b788fd53e97a42d96187e0eeeb
  clickhouse_sql: sha256:7372242a3e53656e6f423047c245eb5274c46ff19866951e91eea492f98424dd
  databricks: sha256:080237a3abaa4049cf627b262b6b55347c7960b788fd53e97a42d96187e0eeeb
  databricks_sql: sha256:7372242a3e53656e6f423047c245eb5274c46ff19866951e91eea492f98424dd
tpch_nl_027:
  clickhouse: sha256:ed93791d69fc905c3ec7e0232a4f5d76846621daf4bf8586d26132e177c1cd61
  clickhouse_sql: sha256:1ed7a2e38fb5dd31d0a8cfcfbd816944d8f6f584a8a49913cce6da96de885e55
  databricks: sha256:ed93791d69fc905c3ec7e0232a4f5d76846621daf4bf8586d26132e177c1cd61
  databricks_sql: sha256:1ed7a2e38fb5dd31d0a8cfcfbd816944d8f6f584a8a49913cce6da96de885e55
tpch_nl_028:
  clickhouse: sha256:cd97a5fbc528f5bda274efd36e498329fea5d5eb4bc5113da379835627f30896
  clickhouse_sql: sha256:b6e71c4db203b0e24cdd4f72a73b9e7d4da2bd1cf6497781deeb1022b32d06cd
  databricks: sha256:cd97a5fbc528f5bda274efd36e498329fea5d5eb4bc5113da379835627f30896
  databricks_sql: sha256:b6e71c4db203b0e24cdd4f72a73b9e7d4da2bd1cf6497781deeb1022b32d06cd
tpch_nl_029:
  clickhouse: sha256:33618d2b898824043ec5ec326603205d3980849ec8dfd46c2b335bed7942d82c
  clickhouse_sql: sha256:46f4013c823851276233e77aa1cd3cb2a6157039b9f4396bb373e1cda72dd3ce
  databricks: sha256:33618d2b898824043ec5ec326603205d3980849ec8dfd46c2b335bed7942d82c
  databricks_sql: sha256:46f4013c823851276233e77aa1cd3cb2a6157039b9f4396bb373e1cda72dd3ce
tpch_nl_030:
  clickhouse: sha256:d2ff213aab527e68a0c601d835a87f8483590dc684fe6bcef4acd9d5f9ad15d4
  clickhouse_sql: sha256:1f6aabda00351c7cbde3be57bb0081e88b1b76f7746013d4139859979aa21191
  databricks: sha256:d2ff213aab527e68a0c601d835a87f8483590dc684fe6bcef4acd9d5f9ad15d4
  databricks_sql: sha256:1f6aabda00351c7cbde3be57bb0081e88b1b76f7746013d4139859979aa21191
tpch_nl_031:
  clickhouse: sha256:5d25884fcfe97336de38b804f26215179c812b9e89337d370645323e1716ef5d
  clickhouse_sql: sha256:8cf75363886a61101b196f60316198731701f24bcb15100f94113d8af6f80b23
  databricks: sha256:5d25884fcfe97336de38b804f26215179c812b9e89337d370645323e1716ef5d
  databricks_sql: sha256:8cf75363886a61101b196f60316198731701f24bcb15100f94113d8af6f80b23
tpch_nl_032:
  clickhouse: sha256:d4fbeb2d813aa3e6dc29191e85aa0bb0d4e4891d083509403847c2574420510c
  clickhouse_sql: sha256:96a88112ad1d55f401a85bdd6189436eaddb31f89613dbb0737649c248f89b2b
  databricks: sha256:d4fbeb2d813aa3e6dc29191e85aa0bb0d4e4891d083509403847c2574420510c
  databricks_sql: sha256:96a88112ad1d55f401a85bdd6189436eaddb31f89613dbb0737649c248f89b2b
tpch_nl_033:
  clickhouse: sha256:5a9018e0b3f686d4d69b95c0c73c5ddc4ecb9c90aa0a01ec2f4ab696a824906e
  clickhouse_sql: sha256:6a8f87d0ca68b4a6db462535c720932525f084a773a2da43443b736b3361d983
  databricks: sha256:5a9018e0b3f686d4d69b95c0c73c5ddc4ecb9c90aa0a01ec2f4ab696a824906e
  databricks_sql: sha256:6a8f87d0ca68b4a6db462535c720932525f084a773a2da43443b736b3361d983
tpch_nl_034:
  clickhouse: sha256:57b60f157da844e551354c76caa71c5e7d3d93b75f8db11121e4d8853d005ae2
  clickhouse_sql: sha256:48c822c155528d9168338cf24dc89a721360876a858ac22216b85b8cbb738219
  databricks: sha256:57b60f157da844e551354c76caa71c5e7d3d93b75f8db11121e4d8853d005ae2
  databricks_sql: sha256:48c822c155528d9168338cf24dc89a721360876a858ac22216b85b8cbb738219
tpch_nl_035:
  clickhouse: sha256:4a3a9147d3e4c3e62417067829879fae6ee1e980dcc6974b034b7a83379211a8
  clickhouse_sql: sha256:62c11c7c94c1d421f3ee1bca2418e6c4f777d8c6c9bc647c58486d33dcc11810
  databricks: sha256:4a3a9147d3e4c3e62417067829879fae6ee1e980dcc6974b034b7a83379211a8
  databricks_sql: sha256:62c11c7c94c1d421f3ee1bca2418e6c4f777d8c6c9bc647c58486d33dcc11810
tpch_nl_036:
  clickhouse: sha256:67cf007f503c82220821314bab0d05ad98b68471fa60b4e5ee14fe45808de557
  clickhouse_sql: sha256:bd4a2784b5b5e6723423a4f71b1cf200196276e81d711ff2af3c458a31249a9c
  databricks: sha256:67cf007f503c82220821314bab0d05ad98b68471fa60b4e5ee14fe45808de557
  databricks_sql: sha256:bd4a2784b5b5e6723423a4f71b1cf200196276e81d711ff2af3c458a31249a9c
tpch_nl_037:
  clickhouse: sha256:5990774fe3a73137131630c5cdffad062b0808a1f56435e958336ae55b8c6fcf
  clickhouse_sql: sha256:9fd3b61aa8ddc043fdd143211f22d5769249a3cc12e0e92569016a6446df618c
  databricks: sha256:5990774fe3a73137131630c5cdffad062b0808a1f56435e958336ae55b8c6fcf
  databricks_sql: sha256:9fd3b61aa8ddc043fdd143211f22d5769249a3cc12e0e92569016a6446df618c
tpch_nl_038:
  clickhouse: sha256:d48f7c210e89708d885f8c1b5fca9b3d0b3f1be6c64511159c069fb79f5afb74
  clickhouse_sql: sha256:0067c27d4b80af7b7dfa35b1726b7048a36376b015f31bff0b30ea78abcd5d75
  databricks: sha256:d48f7c210e89708d885f8c1b5fca9b3d0b3f1be6c64511159c069fb79f5afb74
  databricks_sql: sha256:0067c27d4b80af7b7dfa35b1726b7048a36376b015f31bff0b30ea78abcd5d75
tpch_nl_039:
  clickhouse: sha256:8b17f1e60e254b73b3f007e9f2ec0540eb28c689f4126bef382c142b3cf9fd78
  clickhouse_sql: sha256:d62077ce25a8c37f5bcb65902faa6ead61cc925850bf61e5538f7509c99fd440
  databricks: sha256:8b17f1e60e254b73b3f007e9f2ec0540eb28c689f4126bef382c142b3cf9fd78
  databricks_sql: sha256:d62077ce25a8c37f5bcb65902faa6ead61cc925850bf61e5538f7509c99fd440
tpch_nl_040:
  clickhouse: sha256:fe2655049f0763f4729c710d3ce5f0de6c9a6c1950deca335129595372b834e1
  clickhouse_sql: sha256:790d16984c01238e6af34a8901f1bfe9c363829509848dd98525fe8fda00950d
  databricks: sha256:fe2655049f0763f4729c710d3ce5f0de6c9a6c1950deca335129595372b834e1
  databricks_sql: sha256:790d16984c01238e6af34a8901f1bfe9c363829509848dd98525fe8fda00950d
tpch_nl_041:
  clickhouse: sha256:58c0ba2545e243c6efe4decd10c12434c83f04f511156ad762a389e9da8c53d9
  clickhouse_sql: sha256:25d5ab93a5f15d178dd3eaeb4186a03bbd908790c63cfbbcd21a3f5414fe5a3d
  databricks: sha256:58c0ba2545e243c6efe4decd10c12434c83f04f511156ad762a389e9da8c53d9
  databricks_sql: sha256:25d5ab93a5f15d178dd3eaeb4186a03bbd908790c63cfbbcd21a3f5414fe5a3d
tpch_nl_042:
  clickhouse: sha256:3fca1ea4daf6ffebe07b63e4efb53812d14f47f3a05be91977881933b184eb13
  clickhouse_sql: sha256:bc7acc3f759ff5076363dc5e966477b4ac3eee3cb72d061265b046b30ce1eca3
  databricks: sha256:3fca1ea4daf6ffebe07b63e4efb53812d14f47f3a05be91977881933b184eb13
  databricks_sql: sha256:bc7acc3f759ff5076363dc5e966477b4ac3eee3cb72d061265b046b30ce1eca3
tpch_nl_043:
  clickhouse: sha256:0254ed38e3125bcb02f5337ade93c99d1dfd7da778a176e6b74428ac9b543982
  clickhouse_sql: sha256:d4d25e065c0c52229a3242a746c5b4353c90c745238fcb6353969d4b24ee9aa7
  databricks: sha256:0254ed38e3125bcb02f5337ade93c99d1dfd7da778a176e6b74428ac9b543982
  databricks_sql: sha256:d4d25e065c0c52229a3242a746c5b4353c90c745238fcb6353969d4b24ee9aa7
tpch_nl_044:
  clickhouse: sha256:c1b0799a99ebf4ba6c0a91d0e3cd7d16bef0bef9ab3db52ab2d112d385bfcc99
  clickhouse_sql: sha256:9b7aa9adc863cb2b4d0bddce0d5a7955e3b1bddf391e93bca15b4cc0c0c8d8f9
  databricks: sha256:c1b0799a99ebf4ba6c0a91d0e3cd7d16bef0bef9ab3db52ab2d112d385bfcc99
  databricks_sql: sha256:9b7aa9adc863cb2b4d0bddce0d5a7955e3b1bddf391e93bca15b4cc0c0c8d8f9
tpch_nl_045:
  clickhouse: sha256:2d017692299e71d4ec4a2dbb0776d77c280866bc4a4cb280be32180fe9d30f42
  clickhouse_sql: sha256:50c4ddd61577d60d2aa8d00d34dbd381e668891a0808f95f120562d1c232b0b4
  databricks: sha256:2d017692299e71d4ec4a2dbb0776d77c280866bc4a4cb280be32180fe9d30f42
  databricks_sql: sha256:50c4ddd61577d60d2aa8d00d34dbd381e668891a0808f95f120562d1c232b0b4
tpch_nl_046:
  clickhouse: sha256:db7593f90a28c26cdc22096a133aeb13d2f71d26b25c3d662e56b60200ff7247
  clickhouse_sql: sha256:4b661d502a6f7ecc48711f04936f987364410b6938164f1532fd872fbfee759a
  databricks: sha256:db7593f90a28c26cdc22096a133aeb13d2f71d26b25c3d662e56b60200ff7247
  databricks_sql: sha256:4b661d502a6f7ecc48711f04936f987364410b6938164f1532fd872fbfee759a
tpch_nl_047:
  clickhouse: sha256:52ca9b610393e53b78c77689efc35763085f7709e6a81a72e01ee72936f926c3
  clickhouse_sql: sha256:ba13f27cc7b3f4087c0ecc445d2f00924a5320a8f0ddb7ee460dfb8cc67aea89
  databricks: sha256:52ca9b610393e53b78c77689efc35763085f7709e6a81a72e01ee72936f926c3
  databricks_sql: sha256:ba13f27cc7b3f4087c0ecc445d2f00924a5320a8f0ddb7ee460dfb8cc67aea89
tpch_nl_048:
  clickhouse: sha256:725a77f89a3dcdf43ce00fb04a86913c48ef30b81f5ad509c7bebf4b3387715b
  clickhouse_sql: sha256:8b684388827cb8f55808b5e0a58f11fe29349463923edf37fdfe67e3790fd909
  databricks: sha256:725a77f89a3dcdf43ce00fb04a86913c48ef30b81f5ad509c7bebf4b3387715b
  databricks_sql: sha256:8b684388827cb8f55808b5e0a58f11fe29349463923edf37fdfe67e3790fd909
tpch_nl_049:
  clickhouse: sha256:1a7c129775bf8866e7c81b9607b198550be2903dd8152cc3ee1f4aa54d065ae9
  clickhouse_sql: sha256:f4e60fe5c0fae27e6aa7c2140d419110b2db3b0ab8c95f452c396666b70ac7f0
  databricks: sha256:1a7c129775bf8866e7c81b9607b198550be2903dd8152cc3ee1f4aa54d065ae9
  databricks_sql: sha256:f4e60fe5c0fae27e6aa7c2140d419110b2db3b0ab8c95f452c396666b70ac7f0
tpch_nl_050:
  clickhouse: sha256:79cac5f39397136db1f168d686f71cdb354891200de60ef59ef356a1caa38eaa
  clickhouse_sql: sha256:a6a7a7e12b2a8030bbaff4111d921fc6265e438f1441dd160f3f18472e1661bd
  databricks: sha256:79cac5f39397136db1f168d686f71cdb354891200de60ef59ef356a1caa38eaa
  databricks_sql: sha256:a6a7a7e12b2a8030bbaff4111d921fc6265e438f1441dd160f3f18472e1661bd
tpch_nl_051:
  clickhouse: sha256:eaa349405c7aeefdb4ec68fe213bfd404eba390e75152d9d709bc1710fe938ae
  clickhouse_sql: sha256:8c655b4c1f643e0837b033064579baace1863fc4267d919162ef8ed7ffdd9d48
  databricks: sha256:bf002bab1e0151386f2190e0e6d130c8306fa9c1787b33a98b38067726143ad2
  databricks_sql: sha256:8c655b4c1f643e0837b033064579baace1863fc4267d919162ef8ed7ffdd9d48
tpch_nl_052:
  clickhouse: sha256:ba2c29e01fd0bb61c3fe9ef055802303c4ee55169b8044ed3a7fb75d1fb09ebe
  clickhouse_sql: sha256:47448a95a2029d8751331cf1bac7c023027d24e545dfc4946993f31c51bcd171
  databricks: sha256:ba2c29e01fd0bb61c3fe9ef055802303c4ee55169b8044ed3a7fb75d1fb09ebe
  databricks_sql: sha256:47448a95a2029d8751331cf1bac7c023027d24e545dfc4946993f31c51bcd171
tpch_nl_053:
  clickhouse: sha256:d47285cadb17032205e566a3decf78d0e24cd2863fda9454545e7dafc5c60c68
  clickhouse_sql: sha256:47841f3e80c9cc4145763c1690f20c164a01de856a8f06d089d7d980511c361c
  databricks: sha256:d47285cadb17032205e566a3decf78d0e24cd2863fda9454545e7dafc5c60c68
  databricks_sql: sha256:47841f3e80c9cc4145763c1690f20c164a01de856a8f06d089d7d980511c361c
tpch_nl_054:
  clickhouse: sha256:042cdf3e6cd9f633fd89bcc01391ea35a95f48a97dc6fa4ce30c5f8f31a72de6
  clickhouse_sql: sha256:4525a6a9cdb16e6d9e3b9922ddb56da4202a3184d648b1d6f8b0135dd9fca701
  databricks: sha256:042cdf3e6cd9f633fd89bcc01391ea35a95f48a97dc6fa4ce30c5f8f31a72de6
  databricks_sql: sha256:4525a6a9cdb16e6d9e3b9922ddb56da4202a3184d648b1d6f8b0135dd9fca701
tpch_nl_055:
  clickhouse: sha256:681b64cc3570402b07b1d29a50c9dcf8f17da01ca4e1c0f583c2434dcbad8e0f
  clickhouse_sql: sha256:14328b598a4bc274a18fba259e9465837bb9e86030d35d6d50d1a51ab9a9d74d
  databricks: sha256:681b64cc3570402b07b1d29a50c9dcf8f17da01ca4e1c0f583c2434dcbad8e0f
  databricks_sql: sha256:14328b598a4bc274a18fba259e9465837bb9e86030d35d6d50d1a51ab9a9d74d
tpch_nl_056:
  clickhouse: sha256:f6bede1de33ae6435cf7cace3511df8cbbb390713346d5513ce9acc2994b03c2
  clickhouse_sql: sha256:26a7202fdcffe40f3f27c5291fde63b9b7f78433836d7fbf4a7b3e43a60d4d46
  databricks: sha256:b4cc2b61584268397a5853b089c51ee83966552bfd539460ca2a4998f5ea5c87
  databricks_sql: sha256:26a7202fdcffe40f3f27c5291fde63b9b7f78433836d7fbf4a7b3e43a60d4d46
tpch_nl_057:
  clickhouse: sha256:02c4c69e217d86b24c5c65ce3224f422d88d26e56765c9e2de2e8cf0a37b71f9
  clickhouse_sql: sha256:2abdecdb3dba6c01df451f9b4c5f956e29e3200fb6327d1cd7eb9c4c63816481
  databricks: sha256:02c4c69e217d86b24c5c65ce3224f422d88d26e56765c9e2de2e8cf0a37b71f9
  databricks_sql: sha256:2abdecdb3dba6c01df451f9b4c5f956e29e3200fb6327d1cd7eb9c4c63816481
tpch_nl_058:
  clickhouse: sha256:069a286e428c921e4e57b20461e2c3813dae5f9d694d291a685998b203b0b67f
  clickhouse_sql: sha256:b8d15abea47b8a9ade5ef53cbc47754669bc6b00a308b28c43d48472330534e9
  databricks: sha256:069a286e428c921e4e57b20461e2c3813dae5f9d694d291a685998b203b0b67f
  databricks_sql: sha256:b8d15abea47b8a9ade5ef53cbc47754669bc6b00a308b28c43d48472330534e9
tpch_nl_059:
  clickhouse: sha256:d7e3c7c2472a88c649f25562230456dc6f412a5ebe13acdff4ace5285b483b8e
  clickhouse_sql: sha256:495d810f45597243e119577f08c0fc7860b131a9246c7f73802b186ff6dee113
  databricks: sha256:6fff433ba8b6187cab457de46aa48924d4445d5f1fc3f896c16ea5f86749ea06
  databricks_sql: sha256:495d810f45597243e119577f08c0fc7860b131a9246c7f73802b186ff6dee113
