# Gold result hashes, verified against a trusted copy of the data.
# Regenerate with: python -m agenteval freeze-gold --suite tpch_nl
# A mismatch at run time stops the run: the data changed, and every number
# computed since is suspect (SPEC 11.2).
tpch_nl_000:
  clickhouse: sha256:0d5a1bdea402ee567ec90c66f4349873f75a93fead15cf46964a24a1aff3f0f0
  databricks: sha256:d78057dfc687a81da8215cd7c88432561f0b8d4db081766d0c78955c7b937fc9
tpch_nl_001:
  clickhouse: sha256:31df7b9be62aad5da3c13555f6c6bec8d487dcfe1ce71229869477938a5d61d3
  databricks: sha256:2a2679816d59a99da3c6cf44b45dc5a083c960914143f6830e728b4e8949ff06
tpch_nl_002:
  clickhouse: sha256:64b590d68e531b4a9758758703c9061ad19770df0292e31babb6019534bee58b
  databricks: sha256:ba88e71d79c239ecb6987faf6c62fc4bc970249cd62f255539e2b31442b70943
tpch_nl_003:
  clickhouse: sha256:d2ff213aab527e68a0c601d835a87f8483590dc684fe6bcef4acd9d5f9ad15d4
  databricks: sha256:adf6dbc42d063a256ede22fb71fa04bd7ad7009c87dff8ea56be69d0237e36c0
tpch_nl_004:
  clickhouse: sha256:cd97a5fbc528f5bda274efd36e498329fea5d5eb4bc5113da379835627f30896
  databricks: sha256:01cc085268b59c88818d7b56611e8b2510cbead6f95849db96f1227c1d13abbe
tpch_nl_005:
  clickhouse: sha256:027654f6d75c99a912c68cf458cc31f4b7954e031c0c9fcf88879107198c0ab3
  databricks: sha256:64e59251f38c186052adb7f2f2a5cb0ac930f5b9357bfb9c4ee618490f2c4196
tpch_nl_006:
  clickhouse: sha256:ead0e56470d0023fcbc286b795574a4245fb103afbb4929a36c2568c6ef30d97
  databricks: sha256:97dd2969725e6a4344710a2ced40d4f65980b9640183be87d058cd49a06a27a5
tpch_nl_007:
  clickhouse: sha256:ee22e3a231cc38ed4865be13c1645bd4c5d3978b0d6ff48e3f8cd4b5678f35c9
  databricks: sha256:dc71eee490181f49db8c39dcfbdadf9430599c1723085986a69e4d3b67e0be72
tpch_nl_008:
  clickhouse: sha256:ca8a6d00a5b74fa6444328bf27158105d1968dccae6165ca648263305ef1396b
  databricks: sha256:f4ad9a990aeb5f97543e7ac28ac87aeb4ee446dc0daa441e7ccc81ff6506e02d
tpch_nl_009:
  clickhouse: sha256:421c272a929cfbdeeb70c1f25fd6590f6251e6f85cb685393865c160c74a41c0
  databricks: sha256:1e302f922c3688da10ee8f88a2a5434edc42d68e1c0e476e24a189dbdee2f7f0
tpch_nl_010:
  clickhouse: sha256:f42a2359a6a3f6aec2c98805431952036d8001f8bac3a2b770c6e8a17eb032f2
  databricks: sha256:941d3e323066df321c04c26fa7bcda5ae870b7e25ba7e4b6ec914ee527861bc6
tpch_nl_011:
  clickhouse: sha256:1069a11cd3ae5485cefe60014d47203b62bb55ab151d6f66ed21977b16eca940
  databricks: sha256:73acc2d4da0da6172880572ecc1cbc5298d3ef52997f9b990b96bca9d7c8b3ac
tpch_nl_012:
  clickhouse: sha256:64b590d68e531b4a9758758703c9061ad19770df0292e31babb6019534bee58b
  databricks: sha256:ba88e71d79c239ecb6987faf6c62fc4bc970249cd62f255539e2b31442b70943
tpch_nl_013:
  clickhouse: sha256:5176ed2500ad2c6ef3f78a7ecb47e92647c4c40d58478ea242d7a31bdad153a8
  databricks: sha256:8d12090c9f0d51a28633a3d2225d25d5c570c142b7a777698089aa393144adf5
tpch_nl_014:
  clickhouse: sha256:06ec9ca2a08e718f348a7f0af9d85ce86075c58e67d77ea2c1413315b83f5d84
  databricks: sha256:17417421b3e94c7f798fac1143c61b4e4c9a6205ff97261db5352d1d2f0662ae
tpch_nl_015:
  clickhouse: sha256:ccd7a6845115b60eca7faa92946d5451555895240eec2cf3812b483a2786e6c7
  databricks: sha256:5421b8639d712887e5fb12f7787dd886a5c16893dc65ecf64eb749c76b473c47
tpch_nl_016:
  clickhouse: sha256:cd404a6552af4e268758d7ae16d3d0f4d7212e4d8726b01107a3e3baa6de3621
  databricks: sha256:e0125611f62af151f7a47153be5b3efeacb94ca326b98bf16f9dc65891e36b2d
tpch_nl_017:
  clickhouse: sha256:5b9f83036941c67807489fac6036f0e1eaf67f36c6306c0ecb841ce18b2827d9
  databricks: sha256:e10c02888ca5bad7538a34cc83d2726fcc84d691ea8593da7b73e6e261e04c43
tpch_nl_018:
  clickhouse: sha256:13681b53fd35ae8b6014f76c23809bd7cb06cfa6c0d8887a1ed5d98f688896d3
  databricks: sha256:d9d7a2e7455eedf32659fcb55c75e47cebc8351a75ac1253a6c58507cb75075e
tpch_nl_019:
  clickhouse: sha256:ad59595f6cd4f85a83d7c102a4075822e7599131146ebc6eb39ad465adeeab26
  databricks: sha256:98d2da821c479ee7f09506f4424868bdd2cb2288de5e032b3728678bb2e2ed6a
tpch_nl_020:
  clickhouse: sha256:4a73182ef2cb8c916ab98dba58a87ccfbb9de1eabe3601dbdcd566cf530b398d
  databricks: sha256:a1c4de08664a72bfc07b09d47bf1a538d819549e78c4d8b210ac909f5968e579
tpch_nl_021:
  clickhouse: sha256:ee8b950a287bb9242fe023ddff318f928a47929775c8f1bb9773edf3f61f40c9
  databricks: sha256:acfeb4bdc4349b2baca472e94c6522bdce03e13d964a70163287f2dc7c1b876d
tpch_nl_022:
  clickhouse: sha256:9b0c72daf45d4763e55eda676cac5bbba0af088608266e8130b2b3b9e2e3aa2e
  databricks: sha256:9a1aef98e55f5d5354b97dda6d7c534d8294d202b11c14a338272d718bd5f07e
tpch_nl_023:
  clickhouse: sha256:151c90dff737e98aa4a9da81030ff3b161c813bff9e86c3c6ca6843a216838d7
  databricks: sha256:d1c4ce6f5da7c4e56fa455ecd5fcd40e548d26d5673949c4cc7fd97801bf20f9
tpch_nl_024:
  clickhouse: sha256:de7014e069beb01da603c76fe42ad723409c522465a2334b661caad5609cb24f
  databricks: sha256:dee2f117378d1c19c09de1060673eae3b7cacf0b1ed0a8115de29977a4cbab94
tpch_nl_025:
  clickhouse: sha256:25ca5a8bedeccc397c909236787d01ea5e5ef731ca257fa1b5517d76975e61ff
  databricks: sha256:a80cf7b4426c720418592ba7eb0854c5edd409e237bc4c580734fdc4daa08505
tpch_nl_026:
  clickhouse: sha256:080237a3abaa4049cf627b262b6b55347c7960b788fd53e97a42d96187e0eeeb
  databricks: sha256:119c982c4eb16882fc7e112dcb9a08a18c148573df27363c9b0cd44befff3f64
tpch_nl_027:
  clickhouse: sha256:ed93791d69fc905c3ec7e0232a4f5d76846621daf4bf8586d26132e177c1cd61
  databricks: sha256:631c3a6e3c9aeb97e3bb5203388c0ecee134aa6b8ccbdc92d1b5f35bd7773a1e
tpch_nl_028:
  clickhouse: sha256:cd97a5fbc528f5bda274efd36e498329fea5d5eb4bc5113da379835627f30896
  databricks: sha256:01cc085268b59c88818d7b56611e8b2510cbead6f95849db96f1227c1d13abbe
tpch_nl_029:
  clickhouse: sha256:33618d2b898824043ec5ec326603205d3980849ec8dfd46c2b335bed7942d82c
  databricks: sha256:c47f5b802fa13d0d7870a032e296c26cc81237c7c04449ba0c5b8efc66821e9d
tpch_nl_030:
  clickhouse: sha256:d2ff213aab527e68a0c601d835a87f8483590dc684fe6bcef4acd9d5f9ad15d4
  databricks: sha256:adf6dbc42d063a256ede22fb71fa04bd7ad7009c87dff8ea56be69d0237e36c0
tpch_nl_031:
  clickhouse: sha256:5d25884fcfe97336de38b804f26215179c812b9e89337d370645323e1716ef5d
  databricks: sha256:54886d51276e0017147b52da254557825e1e16734b920b8dedc369462adec56c
tpch_nl_032:
  clickhouse: sha256:d4fbeb2d813aa3e6dc29191e85aa0bb0d4e4891d083509403847c2574420510c
  databricks: sha256:8bf711f2f567c1c6770e71e51bfd45ee1548001074205fa22dec96205c67fb73
tpch_nl_033:
  clickhouse: sha256:5a9018e0b3f686d4d69b95c0c73c5ddc4ecb9c90aa0a01ec2f4ab696a824906e
  databricks: sha256:527d6ab4bfe6916e30cd11db377ad5ff5545aebcfc15e482dab935244d1e4752
tpch_nl_034:
  clickhouse: sha256:57b60f157da844e551354c76caa71c5e7d3d93b75f8db11121e4d8853d005ae2
  databricks: sha256:22659b0a426f50ffda454392972b47f079b126052ba6aa7ada89e21434066eeb
tpch_nl_035:
  clickhouse: sha256:4a3a9147d3e4c3e62417067829879fae6ee1e980dcc6974b034b7a83379211a8
  databricks: sha256:2f4b7159bffd3d99207fc5c0bfaf0f61a0c2441880b3d7ebd06fc19443d2f64e
tpch_nl_036:
  clickhouse: sha256:67cf007f503c82220821314bab0d05ad98b68471fa60b4e5ee14fe45808de557
  databricks: sha256:29647c2b493835d52ca2b72961ed5a67a803bda7ab2d0f28e6ad8f4813b970e7
tpch_nl_037:
  clickhouse: sha256:5990774fe3a73137131630c5cdffad062b0808a1f56435e958336ae55b8c6fcf
  databricks: sha256:bb6d801a22005a80cd23a9d3ac2f53908e3ee1598f2a23935ae8e7ab1427e1db
tpch_nl_038:
  clickhouse: sha256:d48f7c210e89708d885f8c1b5fca9b3d0b3f1be6c64511159c069fb79f5afb74
  databricks: sha256:00bc5dd12239229e91cda8cadc10c246ddedacc53068bd165eb2e658153b96b8
tpch_nl_039:
  clickhouse: sha256:8b17f1e60e254b73b3f007e9f2ec0540eb28c689f4126bef382c142b3cf9fd78
  databricks: sha256:494645dbfe80b5a84a0d8b3f196661866b7cf4df40f371e40e3be575d7d5ca42
tpch_nl_040:
  clickhouse: sha256:fe2655049f0763f4729c710d3ce5f0de6c9a6c1950deca335129595372b834e1
  databricks: sha256:43ef618ddc2b20e3d39e45463b292242a9509a6a082b7e095660364035757eb2
tpch_nl_041:
  clickhouse: sha256:58c0ba2545e243c6efe4decd10c12434c83f04f511156ad762a389e9da8c53d9
  databricks: sha256:219fad5ebdb4e591a5dc330e6c142e2b3f68a00e9115d3cb1725559a54933852
tpch_nl_042:
  clickhouse: sha256:3fca1ea4daf6ffebe07b63e4efb53812d14f47f3a05be91977881933b184eb13
  databricks: sha256:fc38aba42ab8174f4e4f03d15c228552d83f39617f7e75314d186853030cf24b
tpch_nl_043:
  clickhouse: sha256:0254ed38e3125bcb02f5337ade93c99d1dfd7da778a176e6b74428ac9b543982
  databricks: sha256:733c6abf57efc371c66fdfb94f9b38841a0dc67bf88029d7b707661fa21c4387
tpch_nl_044:
  clickhouse: sha256:c1b0799a99ebf4ba6c0a91d0e3cd7d16bef0bef9ab3db52ab2d112d385bfcc99
  databricks: sha256:ddb118acb06b667770af743a832363b47032991f8cffd457be94d6d301327906
tpch_nl_045:
  clickhouse: sha256:2d017692299e71d4ec4a2dbb0776d77c280866bc4a4cb280be32180fe9d30f42
  databricks: sha256:35daccd13125efbe8320f667a39e5a5786470e4a1d72ade1b8312b76a1c53aa4
tpch_nl_046:
  clickhouse: sha256:db7593f90a28c26cdc22096a133aeb13d2f71d26b25c3d662e56b60200ff7247
  databricks: sha256:af0bb361babec0c46c104b8231bcd2cf850bec3fdd8facd2b18ef2bb44eda0f7
tpch_nl_047:
  clickhouse: sha256:52ca9b610393e53b78c77689efc35763085f7709e6a81a72e01ee72936f926c3
  databricks: sha256:edee483060129f857a8201bdaa832c262022ee5406df9b78ab87f7e9d454b409
tpch_nl_048:
  clickhouse: sha256:725a77f89a3dcdf43ce00fb04a86913c48ef30b81f5ad509c7bebf4b3387715b
  databricks: sha256:80e09cc7c46c4efb851f28d6b913e771ac569a949c75c64eafebe49af7b76e1f
tpch_nl_049:
  clickhouse: sha256:1a7c129775bf8866e7c81b9607b198550be2903dd8152cc3ee1f4aa54d065ae9
  databricks: sha256:c51c6742d25c340ca8ef01ea7bc7a007aa1d415031e9f264c97da71900047cb7
tpch_nl_050:
  clickhouse: sha256:79cac5f39397136db1f168d686f71cdb354891200de60ef59ef356a1caa38eaa
  databricks: sha256:f86386770a589bdd57a2fb04f37615d21af50571761f0c62e61cde44f37e6a45
tpch_nl_051:
  clickhouse: sha256:eaa349405c7aeefdb4ec68fe213bfd404eba390e75152d9d709bc1710fe938ae
  databricks: sha256:a1a0c8a78cd14b6be0aa2f445540ec2d6c7922a2ed31ebff50477fa22b01076c
tpch_nl_052:
  clickhouse: sha256:ba2c29e01fd0bb61c3fe9ef055802303c4ee55169b8044ed3a7fb75d1fb09ebe
  databricks: sha256:2eb9dd727e2eee4d436be70244f3b725518ff30fd4412242eb7d9254ccab73e2
tpch_nl_053:
  clickhouse: sha256:d47285cadb17032205e566a3decf78d0e24cd2863fda9454545e7dafc5c60c68
  databricks: sha256:6e582f9bba5838bdaf5c5ea3fa6585a282f73ee0193c60e64db0c0c5b7dc7a94
tpch_nl_054:
  clickhouse: sha256:042cdf3e6cd9f633fd89bcc01391ea35a95f48a97dc6fa4ce30c5f8f31a72de6
  databricks: sha256:7bab5f92dcfce4fea559090e8f2bf2dde85ed5005260e4d89eae3c638ce0599e
tpch_nl_055:
  clickhouse: sha256:681b64cc3570402b07b1d29a50c9dcf8f17da01ca4e1c0f583c2434dcbad8e0f
  databricks: sha256:eee2ac510f4a98ed631afb7ad471287d2a23aa0ba785044ecce82797f530a5d0
tpch_nl_056:
  clickhouse: sha256:f6bede1de33ae6435cf7cace3511df8cbbb390713346d5513ce9acc2994b03c2
  databricks: sha256:d7d4768e960b8fae741f92fd18e4bfea53a7216ba88865537f8cc0020972e046
tpch_nl_057:
  clickhouse: sha256:02c4c69e217d86b24c5c65ce3224f422d88d26e56765c9e2de2e8cf0a37b71f9
  databricks: sha256:268dc17d8e8ea5b21c81378351bf06d4980f95d5407328783edd855b6cc51ebe
tpch_nl_058:
  clickhouse: sha256:069a286e428c921e4e57b20461e2c3813dae5f9d694d291a685998b203b0b67f
  databricks: sha256:944c9a5b094f9c6b1fd3d9e87e3bb6c80816891ecce3936b32fbbb7a0e8177b4
tpch_nl_059:
  clickhouse: sha256:d7e3c7c2472a88c649f25562230456dc6f412a5ebe13acdff4ace5285b483b8e
  databricks: sha256:d1fc523c5aef947c8166e9bf074804994bb21201b0bd26df4abe838599e5e907
