# Gold result hashes, verified against a trusted copy of the data.
# Regenerate with: python -m agenteval freeze-gold --suite clickbench_nl
# A mismatch at run time stops the run: the data changed, and every number
# computed since is suspect (SPEC 11.2).
clickbench_nl_000:
  clickhouse: sha256:7b099d30e56870055dd8ab978919772563cb951e9068f4a2a7ce16411530a194
  clickhouse_sql: sha256:9427a481e342c1da21a6a49bba4004f6bc72e52016514f3892596ec879e33c39
clickbench_nl_001:
  clickhouse: sha256:b53b5f0eca691aa73448dc8ae295406147ed2c61037bbadfd6193df550a29448
  clickhouse_sql: sha256:0bae986eb7e395a5197920aba79b18f762900cabedb2e0c2dac8a2bcca6b3f0f
clickbench_nl_002:
  clickhouse: sha256:a325ebb09e1566166026e7f7b24f8659f2e6edb0c55048169d63f6ec29f388fc
  clickhouse_sql: sha256:ba789a7fdd20673d5a1de18603f6241b5abe66edc985128790e53ebd504a323a
clickbench_nl_003:
  clickhouse: sha256:48e225a7d03aa41a5b2ca2112e2956e50849258e7c7924f564330ffcb2d4defa
  clickhouse_sql: sha256:7a41406a2ec8d4563146920aaaeb5e23a9f96e51c4a8642b7fa1c225d79b4d71
clickbench_nl_004:
  clickhouse: sha256:5de2c89a5449a679aefb9b0520c71661fbf6284a40a9ed0ba996be7d73573479
  clickhouse_sql: sha256:8ebb700400efe6ab27baaef96502aa9149de0f5c4135d50e8bdc65c423890406
clickbench_nl_005:
  clickhouse: sha256:a3fbac4ef6098299aede6c4a3738ca61159d234cb5f456e9066043104c8be983
  clickhouse_sql: sha256:fca8498cf063ef5e2ce1eb9f6dd82e17f7448c7a956c04d7b4e583c767520561
clickbench_nl_006:
  clickhouse: sha256:3eaf2bdf64b7f78b3daec87cbca4fc6bcfb7d59e2297af2b4634487ab7b1563d
  clickhouse_sql: sha256:08f216fc8d03ab96c3559be63da4081f58662224c3798008aee3ac1ab1abb919
clickbench_nl_007:
  clickhouse: sha256:492e347b6ea2595a8929c5ff19af0cf05c78196d04b9875e4b922841c5959f7e
  clickhouse_sql: sha256:959effe4904d8572d53d3d985422e72991713af9391a913da48b666478986d66
clickbench_nl_008:
  clickhouse: sha256:cc1e6eaba25a92f15503633866d941f875d2314ca64d901791ee1bff663db02d
  clickhouse_sql: sha256:78cdbc8c6b03a14edeeecbbc5e0545d410f41d7c78e9b95cf6b9c87d90c5be4a
clickbench_nl_009:
  clickhouse: sha256:1f4cc909ef751063eb4715e05ade2b504525c8dd29a3ff2e5a1cefe42e676019
  clickhouse_sql: sha256:39485f79271dfdb7babaad7db7eb8b31dad7960f71c975d0a7095cc3088e89d7
clickbench_nl_010:
  clickhouse: sha256:9434fa50571be1dcbf5b77252a25fde7dde571a58d73cbd2f390767a5366e2d0
  clickhouse_sql: sha256:51d4138ee1f413412b11e5b60aff841cea1d060c3882047628abc74efbbb0886
clickbench_nl_011:
  clickhouse: sha256:e8cb2c48219898af0326b8c85948f2cfe9c4a603a76ba3276d5b56b84bdb6e5b
  clickhouse_sql: sha256:84c661e4fb24f201e696d4bdaf9a3e81ff6f28d58a8de185666f7254264adc33
clickbench_nl_012:
  clickhouse: sha256:b782363a6e196968425a3996a4c2ba9c6c7f3e3b31f94f621c135cf459394cc0
  clickhouse_sql: sha256:4987279c045382a53b321557232e59a124881fc28dbc9a05c98391b144e8ad4b
clickbench_nl_013:
  clickhouse: sha256:01ae22f5b61014ac3ce3a36f7521b962637ca085be370e06404c31a8a70395c8
  clickhouse_sql: sha256:7be078297f12c492527b7e2b9f9404f18e929ce1d12cd2eab44e6018d863f5ad
clickbench_nl_014:
  clickhouse: sha256:ad1988fb8b9ecc565986a34dd6f9fbef4c42d88248b0ded7a6a01d823d883b51
  clickhouse_sql: sha256:270915f572e45e865f5a58963d864389b5a5e1c718204de99830187412d888fc
clickbench_nl_015:
  clickhouse: sha256:4c3b2c13fd7772a5574912ce487ba60bd4d036fe1a241da7e34690bfe5ba917f
  clickhouse_sql: sha256:14d805cc61e752e6d3d5e775b194a4c1e44da54d20813d1d025e11a265314c49
clickbench_nl_016:
  clickhouse: sha256:5c1492edf3e838c97921992407d3fd4a547410c8bddd0cd654ce7dcba67efb78
  clickhouse_sql: sha256:788adac203409f1d5e4fdc766c1e26b0136e9479673e3e1b4bcdfee64dbbbd85
clickbench_nl_018:
  clickhouse: sha256:41d4556676273e516b6fd895877b2afa0c6d79d5443c60db8f3a42ee9ccbc2a1
  clickhouse_sql: sha256:07b04cf0f0d2e0ff2d11a5a8b20ea5a8fbbc82e58bd5b3a971e24e82da2b7eb3
clickbench_nl_019:
  clickhouse: sha256:ea779dce34a40b949fc04addf7939e2343ba05750a5fac7d4874037d90990c73
  clickhouse_sql: sha256:92b71f998052ddb0b3a21ddb5144c1a18520ebb30a02fe54becc125331f9c28a
clickbench_nl_020:
  clickhouse: sha256:35d10f4bad2b17e3b1982a78e4b20b9ec527181def0e468b2e642846d5c6e540
  clickhouse_sql: sha256:25375542cc4f63a54ac63e3b0b229700ef84435dd47a3cd0b60efd043f44ab8b
clickbench_nl_021:
  clickhouse: sha256:8476479768137d5185a20bfef0e5543a9e363a8aa4c646c8eb82a2990653794b
  clickhouse_sql: sha256:f7920c88908dd24db2b5975b9fe5094b7d0b034a27f32fb6fbd4c2624b835d02
clickbench_nl_022:
  clickhouse: sha256:f6b98eee64d991ab956649b09119ad39d7483e27dec732630f8f37b83b4956e7
  clickhouse_sql: sha256:47e1941b9a30359f5d8ad59da12ef2cb6e7130627cf3799f6da3125f95785e77
clickbench_nl_023:
  clickhouse: sha256:eb17a1412443ca0cc843259ea22228d6ae79a69e9b391e6e04b92eff5df48b85
  clickhouse_sql: sha256:a5fba16607860d7b9441c5d899fc99ba32ca96299f60177de212b278efd5fb23
clickbench_nl_024:
  clickhouse: sha256:ca51a6874c7ae955c738e4d1e40ddb91337d7f99acecfc17737e20aeca36519d
  clickhouse_sql: sha256:6c1defa8396e54b31ec4a711f1c5e9cef13bdafdfc05ff613067f0b17922474d
clickbench_nl_025:
  clickhouse: sha256:624334119392573c8d7ba7c13b044b67d6cfca999a730407aa28b1ffc391795e
  clickhouse_sql: sha256:91082cec67125b60381d6523da665a47180c1648bc2da8542fb19e5e40e2e460
clickbench_nl_026:
  clickhouse: sha256:72cbd711a9cb64fb1473ce3e7445e1c206b1d8937a324d4581dca5605d45f0c8
  clickhouse_sql: sha256:0b189d721d4f585ad30ff1b2fea419dcafa8807ac56db856b0ac689ed71f11d0
clickbench_nl_027:
  clickhouse: sha256:e3ce857c6d52552740c216cfe10984b08257fd6fe9db2f213ad968fefa2e202e
  clickhouse_sql: sha256:c1c3fe9aeff29ac42da11504a5534099da17072f5faddbd3a224d891c5a81c63
clickbench_nl_028:
  clickhouse: sha256:cc558553b5c2d70623abafc6cef1a4cd02d10eecf8e7e180107da05ff5dad852
  clickhouse_sql: sha256:00437d170f2aa2da89d686dd468447bcebd2cedeab78035a2c36542a55cd5235
clickbench_nl_030:
  clickhouse: sha256:34fcd989326476bfa090204204c084afd68923c49cc61efc3d977f3d11d33112
  clickhouse_sql: sha256:135d40eeb194614140588297f9a25cdfe067a4c44b49ce42adcc86cb50943a0c
clickbench_nl_031:
  clickhouse: sha256:4d2a6a69f002d971042bd2179e5757aea0c4d5f04c61e21712f687d2351a61da
  clickhouse_sql: sha256:a925847537aebd32cfd4e7f3ae6e1a885de2a251103fe1b4e7c854bdcbec6acb
clickbench_nl_032:
  clickhouse: sha256:6fa31867f70781ff0e9400223c58e244a214da99affd1ede5b735547d8c578af
  clickhouse_sql: sha256:49788d11a0bd9c8b8456bba279636ebf7ac500176cbe7c0b4193d0aa490b26c7
clickbench_nl_033:
  clickhouse: sha256:0d4133409e588d1c49c218427a8f8c0ab65647ce3701ac68a3586aa98e585e75
  clickhouse_sql: sha256:1753e39f5c49f5619e93fa167184c1032dae938e670701621fbbd95670da55ca
clickbench_nl_036:
  clickhouse: sha256:dba09993331d85714b801e3aee4d9bcac1dcd8fa675c6b05386abb604ab62ffd
  clickhouse_sql: sha256:1009c7823bea628bbe0302062e4a2e6fe387ec0823c08b7f48f03c8ccb884096
clickbench_nl_037:
  clickhouse: sha256:9e27b636c8602bdcef469534be45f6176e2624b58478748c52705ada914db48b
  clickhouse_sql: sha256:339ae60f2b1e57b3b9837268e29fe9412269e4a7bb54bf96247157a4b1a73732
clickbench_nl_038:
  clickhouse: sha256:7cc97ea14837b4c6059c44cc1179df74819b1a815db0684cd98ea11dfed5f118
  clickhouse_sql: sha256:9f5701e1f3061a7fc392534e2c2a3ad749f1706d335ec49d93b95d769194f15c
clickbench_nl_039:
  clickhouse: sha256:3906d5c8fff002cca7b15b71048c08619d3e35725d90eb44de1f3e894a2b8d31
  clickhouse_sql: sha256:da1d5830e604c178bd0a1b0e56a97c53392b8942a7944b46b825a70681199627
clickbench_nl_042:
  clickhouse: sha256:2efcb642a8a73c02b65f53936efac7b8f341a4ce186b79869abdac97b0bce9ce
  clickhouse_sql: sha256:b14e075820435ad6b78f3ea749959d294edfe68fe3524b24810ee461d146c848
clickbench_nl_043:
  clickhouse: sha256:d5cd0bc781679341696192b48d42be61964b2249fb7322510ac0f85e61864b2b
  clickhouse_sql: sha256:857802ed7d30a949879ba85f280fcef80f82c9f94241333b4ae1b341fdf66ddb
clickbench_nl_044:
  clickhouse: sha256:06c97276391a255079f545c960ac109e8e34f641506306393de988f64d3e4ede
  clickhouse_sql: sha256:bda17ed617d11828acf21b99f5c167563c1fedc0ab4dba0c79e37d110ecc0bcf
clickbench_nl_045:
  clickhouse: sha256:eee92044cb474c070673604d1de295cfdfd810be60d4cf72b1e6813032d8c87b
  clickhouse_sql: sha256:2c3d9d76ec8df2924bb551f973a097dc3849a59d601c2481ce65a61bd4feab7d
clickbench_nl_046:
  clickhouse: sha256:2ed74b44d4788d51d2323be0550589c8fbc3dd58dce47ec0f8c26f99884b3229
  clickhouse_sql: sha256:aa2f2028b1fd020651ea21c610871113f45dccc53651d33099bb165ea20d4e33
clickbench_nl_047:
  clickhouse: sha256:731a418691618aed7eb3bbdbeb09ab64ae11f1fdc7a367184e29755d42b53971
  clickhouse_sql: sha256:087c863dc04acd2df1dad311634a843d0338184d715b9c6bde3d332c08c75196
clickbench_nl_048:
  clickhouse: sha256:356759a0f6eceb4d22bbca63a8ecf7d3748c573939ec420791e0d7035528b63d
  clickhouse_sql: sha256:131954b6223a4cb3e2c4c0d87d6345e9408ed54dcb1e19b81238a505e658e4ad
clickbench_nl_049:
  clickhouse: sha256:5eddc53a1a0bd4e9e66b8abe8e21b95ae464b4f3ba3e810712e8e9acc517c2a4
  clickhouse_sql: sha256:cd9769df5f07d5b0c53b1f6e9360f5c6293e0df94e91d9a8367ea72d35431aac
clickbench_nl_050:
  clickhouse: sha256:65ab23e9a81351121f9ff75b43f9419145da7881edb53d6882a4fee736837c3d
  clickhouse_sql: sha256:7b74c57a43a698bf63c10a70dfaa9f40e39a99fd28ace560ff3c3f4744770039
clickbench_nl_051:
  clickhouse: sha256:670e0bc312e010296859194027f8f8ff7f0df2999fce28fd8053088e64d55f39
  clickhouse_sql: sha256:125e526e099c6d6abaff1c8b4aaa77a12125cc605e1c116b86040a4e7db83d68
clickbench_nl_052:
  clickhouse: sha256:d42de74ac60167db1ecb74b196f4e64603c4eee2c7c3c45afc66a1e52d69281f
  clickhouse_sql: sha256:cd730e9b53f2dc930132c871f3f7c70b32bee238529a5b32ae977d1ec6598a3f
clickbench_nl_053:
  clickhouse: sha256:338e039447ea6dc896b9a13e65332a72dddcc67840f2cf727cab125409a29a85
  clickhouse_sql: sha256:f6aa9a9e0e64468219af1ea2705a243d0e22e4d06d2665754c811d063319c7e4
clickbench_nl_054:
  clickhouse: sha256:5a73dec6cedb8e3a7969a7997a61e8d27a28f87353e24a3c16d8fcfed6c6ed66
  clickhouse_sql: sha256:94c779f63c3a1c7c9e069f703008bccbc29239a9a25e7f225a5ddeecf05da241
clickbench_nl_055:
  clickhouse: sha256:af19778264bcf06a4ca65fe24d0503ea21a8073e82a79aefb96afc88b71cad53
  clickhouse_sql: sha256:2ffcfe19d31be88f46059323c12e92c24a4dab0a2c3a0a0097a0ed663c09f02a
clickbench_nl_056:
  clickhouse: sha256:f7cd8c1303e9b0e69492611fe91c9b9a5f267854998758fe7947a1a956f0d718
  clickhouse_sql: sha256:adaa93de1dbc22d3dce8af2029b18a51beb2f80e3624004cbce25a6afb833bd7
clickbench_nl_057:
  clickhouse: sha256:2708e57b2d1219e26631f4cfa3d640bbe8062eccfddb73ac99167d01d2f02686
  clickhouse_sql: sha256:80734805a748bb1589246f208ea92a54dea57dc387290f03e5a1f09a2e0e5941
clickbench_nl_058:
  clickhouse: sha256:fc39ed0c32fb5bf48791354044b64b6d56698a479da7fb390d955b9893bd713e
  clickhouse_sql: sha256:f765bc41433988b44ae2f8c7e1e642d15df9d2d8d509aeda6cb5fcf73f5ec082
clickbench_nl_059:
  clickhouse: sha256:e08b10e4aca67715486469006a22c71da3dd2a013a80c95f328186138c9f0b52
  clickhouse_sql: sha256:e35acf702b8416913ca1629603768dc8cf27443c905efb5bfec85380c0f93727
clickbench_nl_060:
  clickhouse: sha256:7f0b78dfe6cf7f4d5c88d72e15ea5e6538894cabca0e196a3a99f67d640916cd
  clickhouse_sql: sha256:c87fe6837761e4c4f07546cd094bba8a036e0778e54ba7c647cb179722b9bfd5
clickbench_nl_061:
  clickhouse: sha256:2e9b5378141dc739295acbe64295691a44129fe7c5ba5e93207a4b5650c52995
  clickhouse_sql: sha256:ca9d3a03b1a884886149aef0ab59c2cf74434b1ddd6c7ff5a0981bf771b5b808
clickbench_nl_062:
  clickhouse: sha256:b782363a6e196968425a3996a4c2ba9c6c7f3e3b31f94f621c135cf459394cc0
  clickhouse_sql: sha256:36e258e6af0789dfa582aed8668e3c46de7f0709059005829fdd0a64672365b5
clickbench_nl_063:
  clickhouse: sha256:b13034e6a38d0b50d3e7c8d8f259ae8cd2c531abe12343d4d4c05c56a423b8e9
  clickhouse_sql: sha256:0969c1162775578a63172205a63fc51f0ad822806d16ad875943a73a84f7d790
clickbench_nl_064:
  clickhouse: sha256:f826093d95243a3d64e8fcf7c7744b009117a04b85a64b4bc44cb75cb98f7e41
  clickhouse_sql: sha256:c7027e13c45f4a15a5facecdddc6503d07bd094897d9cde69cb636332685ec12
clickbench_nl_065:
  clickhouse: sha256:9844a18130453c969b3f33b4e53cfdd004eb702f936ba11919d524568f2b6b76
  clickhouse_sql: sha256:1f11cc5029abebb6b079921fb3e6b3b8857b5f77394c71d862ad793a388246ef
clickbench_nl_066:
  clickhouse: sha256:28a2cbcd9d26c0d3ac4ca1d6e57d53fa2cd2f2567acf53679943aab9f4870aa9
  clickhouse_sql: sha256:7b515ab6b86ae6e9c738afc44d7ef31ac49b368313193a69e6aba407c3299c05
clickbench_nl_067:
  clickhouse: sha256:ff32bcff250c5e5cfa1d1726ab109a222139db1762dd531be2e6cb9318e9abff
  clickhouse_sql: sha256:067c24c5d96c29f914dc3590b2de8edfacf34110ab7772284469ae426eeab83e
clickbench_nl_068:
  clickhouse: sha256:54569c4ac2c6182dca70da0ab839d10bf142cf7bc716ade0c6d8a09daff3d404
  clickhouse_sql: sha256:5dc4ac3ff4df3f118a290889d8864ad40a51c090bce8216b7afadabd54626392
clickbench_nl_069:
  clickhouse: sha256:b551ed64233dbc5a8ffd68952574d24693a43688b0b8ab3e7d7a81aba21834a6
  clickhouse_sql: sha256:8dfa803ec9e67264eee33dc5b0c797793e3cb550d3fe249ee540e119707a1e09
clickbench_nl_070:
  clickhouse: sha256:6d6b83661fce6127533d87d3aed216a382ba8e7b792b81ae932ceab082c7dbac
  clickhouse_sql: sha256:7cf588214631b9ff8c6c8e5469a9a22c583f85e26ba62e630993dd99cb988c99
clickbench_nl_071:
  clickhouse: sha256:f80313de7eeb5c35b12530ae0a8d2ad2073b6f254dcb9fd1abfbab39e8791d62
  clickhouse_sql: sha256:552593cf7e27b0bcb2eb75e553292357f8387eeda3aefca26ce7f06ca51eadc3
clickbench_nl_072:
  clickhouse: sha256:0c29b9d6c5836b849551f62edb734f6baf6b7f5c66fcb82d0beb73bdc16717ac
  clickhouse_sql: sha256:1aa75c03984e6c81bc21f28dc3d16dc94c76e0482b3ecbfa0bd53288a927c352
clickbench_nl_073:
  clickhouse: sha256:749f75be9fa6b78470e8f00439303a927261f60ac9c5d73b1cea5cb443eb8c4b
  clickhouse_sql: sha256:06daec2375990a982561386a210b369dd6f6fd52109d32b2a0d0854acdbf42d8
clickbench_nl_074:
  clickhouse: sha256:e3ed972a16f99d6ca048c4e777f1fd3ce3c5555a880948bf1af4da964f6caf3a
  clickhouse_sql: sha256:0541f3dc229bfa96e334a474e93088d4fb7e162815749a4db7ed629599c1335d
clickbench_nl_075:
  clickhouse: sha256:5557a15ccb280e04ea160785e9dd8a4c57ffbe1c16a625a988b3a7a61f68e080
  clickhouse_sql: sha256:c841389bdc0b99a1c0519e38e4c448f6d8a506e37d32951f2ff02470c62a2601
clickbench_nl_076:
  clickhouse: sha256:67a39985b795eac819f75e661543d92c6255ff1cd59d50c9bd3f07f56d039c54
  clickhouse_sql: sha256:3b9296c981bdfced1f2f40775e92a43b3d64b233735a56a02cf905767869872c
clickbench_nl_077:
  clickhouse: sha256:3ad0256de229ada92cf649704e5eaaf01a248093fb543fa5b752888e591aaa86
  clickhouse_sql: sha256:62f9ee2a3cc576efcb7f7045f3674a7959131abdadc21883ebf29388471f7495
clickbench_nl_078:
  clickhouse: sha256:537825a23e997c3ab9ebaa3c2c7e2f4db24f1ec56f4e5e081556163db3aec423
  clickhouse_sql: sha256:a4ce54116df72472610cb9e451a246b0049dea031824b764cf68493417d55f0c
clickbench_nl_079:
  clickhouse: sha256:1b275e6043b32e0814bdf6407a823afc18e9af1be1f8ba91039c38f8f82eb51f
  clickhouse_sql: sha256:f58c7b265352db95c4231f12d7a48ccc3c417a884cd558c8ba67bf0879e96907
clickbench_nl_080:
  clickhouse: sha256:0742a3ea4097de5bf238c232fd8e7a4b0e2ef46922f9b4ac637908473c661574
  clickhouse_sql: sha256:82a1e77f1bd813a71423824b91c204f35535fdb2f2d601ceda954685b278fbee
clickbench_nl_081:
  clickhouse: sha256:ce64d5ce348c34c613c4e781503289637b0038696d0342f55a7eb69e3ba64751
  clickhouse_sql: sha256:c9d7252545490b4c117ca4cb55d1d0143ee18b26cee7a3acc9ace9d7070cc561
clickbench_nl_082:
  clickhouse: sha256:3df9a8d60ddfb49f4959ec4513e66dcc7df15cfd825d17b6102e02ea1ac0bd02
  clickhouse_sql: sha256:be761bb35d86f20299fde08544d6f2b34a574a9f3db12a534c6b118e4979c624
clickbench_nl_083:
  clickhouse: sha256:da0d29dca843fb17ceee4b4f16e4ea7c9a2e4a07cdb1e17e096ce60afbb7e3a2
  clickhouse_sql: sha256:d38abc91239ca71ab4c3411a2c3f164cdd6cfd9eef309b16682259b7ef3b26ad
clickbench_nl_084:
  clickhouse: sha256:e08b0c61c8b97960ec08ba0a1f185e41dc19730f48fa28087f5223f7a6e19b17
  clickhouse_sql: sha256:bb75588f815a16fe7e1d22e953b4c818277712dd490b722ab5a8e1d849cbbcfb
clickbench_nl_085:
  clickhouse: sha256:21e074fcfb9cc8eb4d99593a9698eda8b988b25a7d5d026857123be5b154fea2
  clickhouse_sql: sha256:737705b89f1a63a5677e662eee138b1d92bd6643eca1ffba12bb742aa834b03a
clickbench_nl_086:
  clickhouse: sha256:bd4f7199b58d3063b6c870b7a0693a67966d86bd51f69dec67ae47489cfa2e9a
  clickhouse_sql: sha256:acf33f58241e0a710bf56b8e51d9cff92dbaba82b1c7c4aec3e1b996fd108864
clickbench_nl_087:
  clickhouse: sha256:25d7ade8022b9c6f1b9dae31a230ab6654b33151f983c191b8235ef7236e2b99
  clickhouse_sql: sha256:6225f927ea54863f22b98a5916c959ce710f0f6a795a4b1d8434f29be1b67412
clickbench_nl_088:
  clickhouse: sha256:7da37c2996842429b0bec37ef275f917544ca5fc802ae65b97b4200d4e1168dd
  clickhouse_sql: sha256:e962ce080107c5d9a36c5ebe795649ab6741b881fb153d84107bb17d9c45c990
clickbench_nl_089:
  clickhouse: sha256:4894169eaf4960ad6f41f37b2efc634e913941798d93b9573b59c9641b98f8c5
  clickhouse_sql: sha256:91be9b2762d8761a40bbdd0ea7e40dd0370eaa0adaf5242b51cb09c43bf208af
clickbench_nl_090:
  clickhouse: sha256:7636f3a940ee254990951b8a31a38592279476235d75755ce82fb1ab5a8ca8d2
  clickhouse_sql: sha256:c44547039d5488a6b2e88c6ed65117976b5294acad6f836144f23997a5f99a41
clickbench_nl_091:
  clickhouse: sha256:439075223c35224d0921a5ac4c3891fef2ed13879ec598b1a8b51d06f0e35ebe
  clickhouse_sql: sha256:69e5964f514d11d18c7efc05b1cd650d91dd4ed140f37724ba955fea1f20d1d1
clickbench_nl_092:
  clickhouse: sha256:611012f2d45cd420f4cab08e424a7df0a897182f764e55240f17023881d52ead
  clickhouse_sql: sha256:8e370bd40d4f81974a15e158cd7fdf111f3b7563a55e91d6865163a16b16d5a8
clickbench_nl_093:
  clickhouse: sha256:55d66a9f79f68a157957cf27564a0159126e945215bcd544613e020e37d13eea
  clickhouse_sql: sha256:a32a51903d686eb0f666eb499c1b940d770bdcb5369d20bb0739d66f386bdc5a
clickbench_nl_094:
  clickhouse: sha256:205140687b600db03ba33a007f24a26b0ce4e3ce9445b6c97affe5ae2cc1a9b6
  clickhouse_sql: sha256:42468bf9e74b4f39e280a827d007a4e2533366d13c16edbdaaa7f04401539061
clickbench_nl_095:
  clickhouse: sha256:85a364dad17984cad4ad0283d82b0a2a933fb26782bd66e347f9167724eda0dd
  clickhouse_sql: sha256:cbe73e3041020855acc3817f6d3bfcae0eefa6b10f0b9ea6b5e8cadff3ff5c5e
clickbench_nl_096:
  clickhouse: sha256:b4f6212aa7acecfc5e33a24a997694f627000432d97ac94a0fa18cfed8504286
  clickhouse_sql: sha256:fad9f630daeea86e39d982bc6d4de26298cdf31d10707fcfa57306f629c7fd1e
clickbench_nl_097:
  clickhouse: sha256:0dd3528a387ce7e0575f7294a9277c4f48c867a2578147d89ad8db93ddbb8400
  clickhouse_sql: sha256:9a3a9f0b5290cd00daa1bebbfa551f472527bc37f0901f2249abc7165f3e234f
clickbench_nl_098:
  clickhouse: sha256:953183eecdf995e7dc683c6f18f3a5133ba331c81d993578ac6279586d481f3a
  clickhouse_sql: sha256:e9a4ba61010a56ed3f3744fb382851af8939da478f7ebeee07a0b1f28f94ab11
clickbench_nl_099:
  clickhouse: sha256:0c4e729bf159df3686b99a2e85710580f0cedc5fcb371caab685697f433d6cdc
  clickhouse_sql: sha256:03a17795a14b37c3fdb80d51890a8c8bd13e0688b24e70f16075bf1c4d1e436d
clickbench_nl_100:
  clickhouse: sha256:2903bdfa0cc125c4cf607206e6b61e365b8593a0641dfd96adbd7f49c637f110
  clickhouse_sql: sha256:bf0f97437818ebc69b412477f4463fea143dbab21c723bac4aea53b50936a01f
clickbench_nl_101:
  clickhouse: sha256:709bacb0ba0e853f895fac98a223b906e9df5964521733fb3c21cd986321c869
  clickhouse_sql: sha256:4254c577009a7d7cab921a2fa2e9a62ef66b293aa5a4f35410e8b502aea85e42
clickbench_nl_102:
  clickhouse: sha256:bc5bf2670deaa904e30b27ece6a499ccbfce88994a420d54bef7cd87ce255d0c
  clickhouse_sql: sha256:6cbfd66839af95c167302b2ce8958a432e75d89be402eb04faa9baa4f8f24288
clickbench_nl_103:
  clickhouse: sha256:866dd1d0d3abc88df78513aada8d6070f5d5e9bb8ffe7db6689ab21d585d6ca4
  clickhouse_sql: sha256:673e3c85ccbd5e3e7a3efefebcaf3f578372ff57131b880d2fa82d93e71fb8e7
clickbench_nl_104:
  clickhouse: sha256:d8d632b3e881cd8cb3b1d506bc886cb716a553a353f4a3c8c0aede99536fe098
  clickhouse_sql: sha256:08556eba62ca717f9bb719070c93b1964a378ff2da29e2004552be5ef58894d2
clickbench_nl_105:
  clickhouse: sha256:ff938183ad1d09e760ad3c8fa8982b20cc505b96f4ef17d16f33149f7bd9e112
  clickhouse_sql: sha256:f23ff808128b5a1a591444bd16ae904f287e0cb4e4f99b81d441246478bb4a82
